// !$*UTF8*$!
{
	archiveVersion = 1;
	classes = {
	};
	objectVersion = 55;
	objects = {

/* Begin PBXBuildFile section */
		F10E99012CB58E5500D38750 /* RainyReserveApp.swift in Sources */ = {isa = PBXBuildFile; fileRef = F10E99002CB58E5500D38750 /* RainyReserveApp.swift */; };
		F10E99052CB58E5900D38750 /* Assets.xcassets in Resources */ = {isa = PBXBuildFile; fileRef = F10E99042CB58E5900D38750 /* Assets.xcassets */; };
		F10E99082CB58E5900D38750 /* Preview Assets.xcassets in Resources */ = {isa = PBXBuildFile; fileRef = F10E99072CB58E5900D38750 /* Preview Assets.xcassets */; };
		F10E99132CB5924000D38750 /* OnboardingView.swift in Sources */ = {isa = PBXBuildFile; fileRef = F10E99122CB5924000D38750 /* OnboardingView.swift */; };
		F10E991D2CB597BD00D38750 /* ColorExtensions.swift in Sources */ = {isa = PBXBuildFile; fileRef = F10E991C2CB597BD00D38750 /* ColorExtensions.swift */; };
		F166D3F22CB9A21F0003E275 /* FontExtensions.swift in Sources */ = {isa = PBXBuildFile; fileRef = F166D3F12CB9A21F0003E275 /* FontExtensions.swift */; };
		F166D3F42CB9A4F60003E275 /* OnboardingPage1.swift in Sources */ = {isa = PBXBuildFile; fileRef = F166D3F32CB9A4F60003E275 /* OnboardingPage1.swift */; };
		F166D3F62CB9A4FE0003E275 /* OnboardingPage2.swift in Sources */ = {isa = PBXBuildFile; fileRef = F166D3F52CB9A4FE0003E275 /* OnboardingPage2.swift */; };
		F166D3F82CB9A5070003E275 /* OnboardingPage3.swift in Sources */ = {isa = PBXBuildFile; fileRef = F166D3F72CB9A5070003E275 /* OnboardingPage3.swift */; };
		F168564B2CB9AB34000FE2F3 /* HeaderView.swift in Sources */ = {isa = PBXBuildFile; fileRef = F168564A2CB9AB34000FE2F3 /* HeaderView.swift */; };
		F168564D2CB9AB7D000FE2F3 /* CardView.swift in Sources */ = {isa = PBXBuildFile; fileRef = F168564C2CB9AB7D000FE2F3 /* CardView.swift */; };
		F168564F2CB9AC0C000FE2F3 /* StatisticsView.swift in Sources */ = {isa = PBXBuildFile; fileRef = F168564E2CB9AC0C000FE2F3 /* StatisticsView.swift */; };
		F16856512CB9ADBC000FE2F3 /* HomeView.swift in Sources */ = {isa = PBXBuildFile; fileRef = F16856502CB9ADBC000FE2F3 /* HomeView.swift */; };
		F16856532CB9B18F000FE2F3 /* Transaction.swift in Sources */ = {isa = PBXBuildFile; fileRef = F16856522CB9B18F000FE2F3 /* Transaction.swift */; };
		F16856562CB9B1B9000FE2F3 /* TransactionView.swift in Sources */ = {isa = PBXBuildFile; fileRef = F16856552CB9B1B9000FE2F3 /* TransactionView.swift */; };
		F16856582CB9B2AD000FE2F3 /* TransactionListView.swift in Sources */ = {isa = PBXBuildFile; fileRef = F16856572CB9B2AD000FE2F3 /* TransactionListView.swift */; };
		F168565A2CB9B2D1000FE2F3 /* SearchBar.swift in Sources */ = {isa = PBXBuildFile; fileRef = F16856592CB9B2D1000FE2F3 /* SearchBar.swift */; };
		F168565D2CBA3EEE000FE2F3 /* SettingsView.swift in Sources */ = {isa = PBXBuildFile; fileRef = F168565C2CBA3EEE000FE2F3 /* SettingsView.swift */; };
		F168565F2CBA3F0A000FE2F3 /* CategorySetupView.swift in Sources */ = {isa = PBXBuildFile; fileRef = F168565E2CBA3F0A000FE2F3 /* CategorySetupView.swift */; };
		F16856612CBA3F18000FE2F3 /* BudgetSetupView.swift in Sources */ = {isa = PBXBuildFile; fileRef = F16856602CBA3F18000FE2F3 /* BudgetSetupView.swift */; };
		F16856632CBA3F23000FE2F3 /* WalletManagementView.swift in Sources */ = {isa = PBXBuildFile; fileRef = F16856622CBA3F23000FE2F3 /* WalletManagementView.swift */; };
/* End PBXBuildFile section */

/* Begin PBXFileReference section */
		F10E98FD2CB58E5500D38750 /* RainyReserve.app */ = {isa = PBXFileReference; explicitFileType = wrapper.application; includeInIndex = 0; path = RainyReserve.app; sourceTree = BUILT_PRODUCTS_DIR; };
		F10E99002CB58E5500D38750 /* RainyReserveApp.swift */ = {isa = PBXFileReference; lastKnownFileType = sourcecode.swift; path = RainyReserveApp.swift; sourceTree = "<group>"; };
		F10E99042CB58E5900D38750 /* Assets.xcassets */ = {isa = PBXFileReference; lastKnownFileType = folder.assetcatalog; path = Assets.xcassets; sourceTree = "<group>"; };
		F10E99072CB58E5900D38750 /* Preview Assets.xcassets */ = {isa = PBXFileReference; lastKnownFileType = folder.assetcatalog; path = "Preview Assets.xcassets"; sourceTree = "<group>"; };
		F10E99122CB5924000D38750 /* OnboardingView.swift */ = {isa = PBXFileReference; lastKnownFileType = sourcecode.swift; path = OnboardingView.swift; sourceTree = "<group>"; };
		F10E991C2CB597BD00D38750 /* ColorExtensions.swift */ = {isa = PBXFileReference; lastKnownFileType = sourcecode.swift; path = ColorExtensions.swift; sourceTree = "<group>"; };
		F166D3F02CB9A0A70003E275 /* Info.plist */ = {isa = PBXFileReference; lastKnownFileType = text.plist; path = Info.plist; sourceTree = "<group>"; };
		F166D3F12CB9A21F0003E275 /* FontExtensions.swift */ = {isa = PBXFileReference; lastKnownFileType = sourcecode.swift; path = FontExtensions.swift; sourceTree = "<group>"; };
		F166D3F32CB9A4F60003E275 /* OnboardingPage1.swift */ = {isa = PBXFileReference; lastKnownFileType = sourcecode.swift; path = OnboardingPage1.swift; sourceTree = "<group>"; };
		F166D3F52CB9A4FE0003E275 /* OnboardingPage2.swift */ = {isa = PBXFileReference; lastKnownFileType = sourcecode.swift; path = OnboardingPage2.swift; sourceTree = "<group>"; };
		F166D3F72CB9A5070003E275 /* OnboardingPage3.swift */ = {isa = PBXFileReference; lastKnownFileType = sourcecode.swift; path = OnboardingPage3.swift; sourceTree = "<group>"; };
		F168564A2CB9AB34000FE2F3 /* HeaderView.swift */ = {isa = PBXFileReference; lastKnownFileType = sourcecode.swift; path = HeaderView.swift; sourceTree = "<group>"; };
		F168564C2CB9AB7D000FE2F3 /* CardView.swift */ = {isa = PBXFileReference; lastKnownFileType = sourcecode.swift; path = CardView.swift; sourceTree = "<group>"; };
		F168564E2CB9AC0C000FE2F3 /* StatisticsView.swift */ = {isa = PBXFileReference; lastKnownFileType = sourcecode.swift; path = StatisticsView.swift; sourceTree = "<group>"; };
		F16856502CB9ADBC000FE2F3 /* HomeView.swift */ = {isa = PBXFileReference; lastKnownFileType = sourcecode.swift; path = HomeView.swift; sourceTree = "<group>"; };
		F16856522CB9B18F000FE2F3 /* Transaction.swift */ = {isa = PBXFileReference; lastKnownFileType = sourcecode.swift; path = Transaction.swift; sourceTree = "<group>"; };
		F16856552CB9B1B9000FE2F3 /* TransactionView.swift */ = {isa = PBXFileReference; lastKnownFileType = sourcecode.swift; path = TransactionView.swift; sourceTree = "<group>"; };
		F16856572CB9B2AD000FE2F3 /* TransactionListView.swift */ = {isa = PBXFileReference; lastKnownFileType = sourcecode.swift; path = TransactionListView.swift; sourceTree = "<group>"; };
		F16856592CB9B2D1000FE2F3 /* SearchBar.swift */ = {isa = PBXFileReference; lastKnownFileType = sourcecode.swift; path = SearchBar.swift; sourceTree = "<group>"; };
		F168565C2CBA3EEE000FE2F3 /* SettingsView.swift */ = {isa = PBXFileReference; lastKnownFileType = sourcecode.swift; path = SettingsView.swift; sourceTree = "<group>"; };
		F168565E2CBA3F0A000FE2F3 /* CategorySetupView.swift */ = {isa = PBXFileReference; lastKnownFileType = sourcecode.swift; path = CategorySetupView.swift; sourceTree = "<group>"; };
		F16856602CBA3F18000FE2F3 /* BudgetSetupView.swift */ = {isa = PBXFileReference; lastKnownFileType = sourcecode.swift; path = BudgetSetupView.swift; sourceTree = "<group>"; };
		F16856622CBA3F23000FE2F3 /* WalletManagementView.swift */ = {isa = PBXFileReference; lastKnownFileType = sourcecode.swift; path = WalletManagementView.swift; sourceTree = "<group>"; };
/* End PBXFileReference section */

/* Begin PBXFrameworksBuildPhase section */
		F10E98FA2CB58E5500D38750 /* Frameworks */ = {
			isa = PBXFrameworksBuildPhase;
			buildActionMask = 2147483647;
			files = (
			);
			runOnlyForDeploymentPostprocessing = 0;
		};
/* End PBXFrameworksBuildPhase section */

/* Begin PBXGroup section */
		F10E98F42CB58E5500D38750 = {
			isa = PBXGroup;
			children = (
				F10E98FF2CB58E5500D38750 /* RainyReserve */,
				F10E98FE2CB58E5500D38750 /* Products */,
			);
			sourceTree = "<group>";
		};
		F10E98FE2CB58E5500D38750 /* Products */ = {
			isa = PBXGroup;
			children = (
				F10E98FD2CB58E5500D38750 /* RainyReserve.app */,
			);
			name = Products;
			sourceTree = "<group>";
		};
		F10E98FF2CB58E5500D38750 /* RainyReserve */ = {
			isa = PBXGroup;
			children = (
				F166D3F02CB9A0A70003E275 /* Info.plist */,
				F10E99042CB58E5900D38750 /* Assets.xcassets */,
				F16856492CB9AB21000FE2F3 /* Components */,
				F10E990E2CB5921500D38750 /* Models */,
				F10E990F2CB5921C00D38750 /* Views */,
				F10E99002CB58E5500D38750 /* RainyReserveApp.swift */,
				F10E99102CB5922800D38750 /* ViewModels */,
				F10E99112CB5922F00D38750 /* Services */,
				F166D3EC2CB99BCA0003E275 /* Extensions */,
				F10E99062CB58E5900D38750 /* Preview Content */,
			);
			path = RainyReserve;
			sourceTree = "<group>";
		};
		F10E99062CB58E5900D38750 /* Preview Content */ = {
			isa = PBXGroup;
			children = (
				F10E99072CB58E5900D38750 /* Preview Assets.xcassets */,
			);
			path = "Preview Content";
			sourceTree = "<group>";
		};
		F10E990E2CB5921500D38750 /* Models */ = {
			isa = PBXGroup;
			children = (
				F16856522CB9B18F000FE2F3 /* Transaction.swift */,
			);
			path = Models;
			sourceTree = "<group>";
		};
		F10E990F2CB5921C00D38750 /* Views */ = {
			isa = PBXGroup;
			children = (
				F168565B2CBA3EE1000FE2F3 /* Setting */,
				F16856542CB9B1AC000FE2F3 /* Transaction */,
				F166D3EE2CB99DC40003E275 /* Home */,
				F166D3ED2CB99DB90003E275 /* Onboarding */,
			);
			path = Views;
			sourceTree = "<group>";
		};
		F10E99102CB5922800D38750 /* ViewModels */ = {
			isa = PBXGroup;
			children = (
			);
			path = ViewModels;
			sourceTree = "<group>";
		};
		F10E99112CB5922F00D38750 /* Services */ = {
			isa = PBXGroup;
			children = (
			);
			path = Services;
			sourceTree = "<group>";
		};
		F166D3EC2CB99BCA0003E275 /* Extensions */ = {
			isa = PBXGroup;
			children = (
				F10E991C2CB597BD00D38750 /* ColorExtensions.swift */,
				F166D3F12CB9A21F0003E275 /* FontExtensions.swift */,
			);
			path = Extensions;
			sourceTree = "<group>";
		};
		F166D3ED2CB99DB90003E275 /* Onboarding */ = {
			isa = PBXGroup;
			children = (
				F10E99122CB5924000D38750 /* OnboardingView.swift */,
				F166D3F32CB9A4F60003E275 /* OnboardingPage1.swift */,
				F166D3F52CB9A4FE0003E275 /* OnboardingPage2.swift */,
				F166D3F72CB9A5070003E275 /* OnboardingPage3.swift */,
			);
			path = Onboarding;
			sourceTree = "<group>";
		};
		F166D3EE2CB99DC40003E275 /* Home */ = {
			isa = PBXGroup;
			children = (
				F16856502CB9ADBC000FE2F3 /* HomeView.swift */,
			);
			path = Home;
			sourceTree = "<group>";
		};
		F16856492CB9AB21000FE2F3 /* Components */ = {
			isa = PBXGroup;
			children = (
				F168564A2CB9AB34000FE2F3 /* HeaderView.swift */,
				F168564C2CB9AB7D000FE2F3 /* CardView.swift */,
				F168564E2CB9AC0C000FE2F3 /* StatisticsView.swift */,
				F16856592CB9B2D1000FE2F3 /* SearchBar.swift */,
			);
			path = Components;
			sourceTree = "<group>";
		};
		F16856542CB9B1AC000FE2F3 /* Transaction */ = {
			isa = PBXGroup;
			children = (
				F16856552CB9B1B9000FE2F3 /* TransactionView.swift */,
				F16856572CB9B2AD000FE2F3 /* TransactionListView.swift */,
			);
			path = Transaction;
			sourceTree = "<group>";
		};
		F168565B2CBA3EE1000FE2F3 /* Setting */ = {
			isa = PBXGroup;
			children = (
				F168565C2CBA3EEE000FE2F3 /* SettingsView.swift */,
				F168565E2CBA3F0A000FE2F3 /* CategorySetupView.swift */,
				F16856602CBA3F18000FE2F3 /* BudgetSetupView.swift */,
				F16856622CBA3F23000FE2F3 /* WalletManagementView.swift */,
			);
			path = Setting;
			sourceTree = "<group>";
		};
/* End PBXGroup section */

/* Begin PBXNativeTarget section */
		F10E98FC2CB58E5500D38750 /* RainyReserve */ = {
			isa = PBXNativeTarget;
			buildConfigurationList = F10E990B2CB58E5900D38750 /* Build configuration list for PBXNativeTarget "RainyReserve" */;
			buildPhases = (
				F10E98F92CB58E5500D38750 /* Sources */,
				F10E98FA2CB58E5500D38750 /* Frameworks */,
				F10E98FB2CB58E5500D38750 /* Resources */,
			);
			buildRules = (
			);
			dependencies = (
			);
			name = RainyReserve;
			productName = RainyReserve;
			productReference = F10E98FD2CB58E5500D38750 /* RainyReserve.app */;
			productType = "com.apple.product-type.application";
		};
/* End PBXNativeTarget section */

/* Begin PBXProject section */
		F10E98F52CB58E5500D38750 /* Project object */ = {
			isa = PBXProject;
			attributes = {
				BuildIndependentTargetsInParallel = 1;
				LastSwiftUpdateCheck = 1320;
				LastUpgradeCheck = 1320;
				TargetAttributes = {
					F10E98FC2CB58E5500D38750 = {
						CreatedOnToolsVersion = 13.2.1;
					};
				};
			};
			buildConfigurationList = F10E98F82CB58E5500D38750 /* Build configuration list for PBXProject "RainyReserve" */;
			compatibilityVersion = "Xcode 13.0";
			developmentRegion = en;
			hasScannedForEncodings = 0;
			knownRegions = (
				en,
				Base,
			);
			mainGroup = F10E98F42CB58E5500D38750;
			productRefGroup = F10E98FE2CB58E5500D38750 /* Products */;
			projectDirPath = "";
			projectRoot = "";
			targets = (
				F10E98FC2CB58E5500D38750 /* RainyReserve */,
			);
		};
/* End PBXProject section */

/* Begin PBXResourcesBuildPhase section */
		F10E98FB2CB58E5500D38750 /* Resources */ = {
			isa = PBXResourcesBuildPhase;
			buildActionMask = 2147483647;
			files = (
				F10E99082CB58E5900D38750 /* Preview Assets.xcassets in Resources */,
				F10E99052CB58E5900D38750 /* Assets.xcassets in Resources */,
			);
			runOnlyForDeploymentPostprocessing = 0;
		};
/* End PBXResourcesBuildPhase section */

/* Begin PBXSourcesBuildPhase section */
		F10E98F92CB58E5500D38750 /* Sources */ = {
			isa = PBXSourcesBuildPhase;
			buildActionMask = 2147483647;
			files = (
				F166D3F42CB9A4F60003E275 /* OnboardingPage1.swift in Sources */,
				F168564F2CB9AC0C000FE2F3 /* StatisticsView.swift in Sources */,
				F168565A2CB9B2D1000FE2F3 /* SearchBar.swift in Sources */,
				F16856532CB9B18F000FE2F3 /* Transaction.swift in Sources */,
				F168564D2CB9AB7D000FE2F3 /* CardView.swift in Sources */,
				F168565F2CBA3F0A000FE2F3 /* CategorySetupView.swift in Sources */,
				F10E99132CB5924000D38750 /* OnboardingView.swift in Sources */,
				F16856582CB9B2AD000FE2F3 /* TransactionListView.swift in Sources */,
				F166D3F82CB9A5070003E275 /* OnboardingPage3.swift in Sources */,
				F16856512CB9ADBC000FE2F3 /* HomeView.swift in Sources */,
				F168565D2CBA3EEE000FE2F3 /* SettingsView.swift in Sources */,
				F16856632CBA3F23000FE2F3 /* WalletManagementView.swift in Sources */,
				F16856612CBA3F18000FE2F3 /* BudgetSetupView.swift in Sources */,
				F16856562CB9B1B9000FE2F3 /* TransactionView.swift in Sources */,
				F166D3F22CB9A21F0003E275 /* FontExtensions.swift in Sources */,
				F10E99012CB58E5500D38750 /* RainyReserveApp.swift in Sources */,
				F166D3F62CB9A4FE0003E275 /* OnboardingPage2.swift in Sources */,
				F10E991D2CB597BD00D38750 /* ColorExtensions.swift in Sources */,
				F168564B2CB9AB34000FE2F3 /* HeaderView.swift in Sources */,
			);
			runOnlyForDeploymentPostprocessing = 0;
		};
/* End PBXSourcesBuildPhase section */

/* Begin XCBuildConfiguration section */
		F10E99092CB58E5900D38750 /* Debug */ = {
			isa = XCBuildConfiguration;
			buildSettings = {
				ALWAYS_SEARCH_USER_PATHS = NO;
				CLANG_ANALYZER_NONNULL = YES;
				CLANG_ANALYZER_NUMBER_OBJECT_CONVERSION = YES_AGGRESSIVE;
				CLANG_CXX_LANGUAGE_STANDARD = "gnu++17";
				CLANG_CXX_LIBRARY = "libc++";
				CLANG_ENABLE_MODULES = YES;
				CLANG_ENABLE_OBJC_ARC = YES;
				CLANG_ENABLE_OBJC_WEAK = YES;
				CLANG_WARN_BLOCK_CAPTURE_AUTORELEASING = YES;
				CLANG_WARN_BOOL_CONVERSION = YES;
				CLANG_WARN_COMMA = YES;
				CLANG_WARN_CONSTANT_CONVERSION = YES;
				CLANG_WARN_DEPRECATED_OBJC_IMPLEMENTATIONS = YES;
				CLANG_WARN_DIRECT_OBJC_ISA_USAGE = YES_ERROR;
				CLANG_WARN_DOCUMENTATION_COMMENTS = YES;
				CLANG_WARN_EMPTY_BODY = YES;
				CLANG_WARN_ENUM_CONVERSION = YES;
				CLANG_WARN_INFINITE_RECURSION = YES;
				CLANG_WARN_INT_CONVERSION = YES;
				CLANG_WARN_NON_LITERAL_NULL_CONVERSION = YES;
				CLANG_WARN_OBJC_IMPLICIT_RETAIN_SELF = YES;
				CLANG_WARN_OBJC_LITERAL_CONVERSION = YES;
				CLANG_WARN_OBJC_ROOT_CLASS = YES_ERROR;
				CLANG_WARN_QUOTED_INCLUDE_IN_FRAMEWORK_HEADER = YES;
				CLANG_WARN_RANGE_LOOP_ANALYSIS = YES;
				CLANG_WARN_STRICT_PROTOTYPES = YES;
				CLANG_WARN_SUSPICIOUS_MOVE = YES;
				CLANG_WARN_UNGUARDED_AVAILABILITY = YES_AGGRESSIVE;
				CLANG_WARN_UNREACHABLE_CODE = YES;
				CLANG_WARN__DUPLICATE_METHOD_MATCH = YES;
				COPY_PHASE_STRIP = NO;
				DEBUG_INFORMATION_FORMAT = dwarf;
				ENABLE_STRICT_OBJC_MSGSEND = YES;
				ENABLE_TESTABILITY = YES;
				GCC_C_LANGUAGE_STANDARD = gnu11;
				GCC_DYNAMIC_NO_PIC = NO;
				GCC_NO_COMMON_BLOCKS = YES;
				GCC_OPTIMIZATION_LEVEL = 0;
				GCC_PREPROCESSOR_DEFINITIONS = (
					"DEBUG=1",
					"$(inherited)",
				);
				GCC_WARN_64_TO_32_BIT_CONVERSION = YES;
				GCC_WARN_ABOUT_RETURN_TYPE = YES_ERROR;
				GCC_WARN_UNDECLARED_SELECTOR = YES;
				GCC_WARN_UNINITIALIZED_AUTOS = YES_AGGRESSIVE;
				GCC_WARN_UNUSED_FUNCTION = YES;
				GCC_WARN_UNUSED_VARIABLE = YES;
				IPHONEOS_DEPLOYMENT_TARGET = 15.2;
				MTL_ENABLE_DEBUG_INFO = INCLUDE_SOURCE;
				MTL_FAST_MATH = YES;
				ONLY_ACTIVE_ARCH = YES;
				SDKROOT = iphoneos;
				SWIFT_ACTIVE_COMPILATION_CONDITIONS = DEBUG;
				SWIFT_OPTIMIZATION_LEVEL = "-Onone";
			};
			name = Debug;
		};
		F10E990A2CB58E5900D38750 /* Release */ = {
			isa = XCBuildConfiguration;
			buildSettings = {
				ALWAYS_SEARCH_USER_PATHS = NO;
				CLANG_ANALYZER_NONNULL = YES;
				CLANG_ANALYZER_NUMBER_OBJECT_CONVERSION = YES_AGGRESSIVE;
				CLANG_CXX_LANGUAGE_STANDARD = "gnu++17";
				CLANG_CXX_LIBRARY = "libc++";
				CLANG_ENABLE_MODULES = YES;
				CLANG_ENABLE_OBJC_ARC = YES;
				CLANG_ENABLE_OBJC_WEAK = YES;
				CLANG_WARN_BLOCK_CAPTURE_AUTORELEASING = YES;
				CLANG_WARN_BOOL_CONVERSION = YES;
				CLANG_WARN_COMMA = YES;
				CLANG_WARN_CONSTANT_CONVERSION = YES;
				CLANG_WARN_DEPRECATED_OBJC_IMPLEMENTATIONS = YES;
				CLANG_WARN_DIRECT_OBJC_ISA_USAGE = YES_ERROR;
				CLANG_WARN_DOCUMENTATION_COMMENTS = YES;
				CLANG_WARN_EMPTY_BODY = YES;
				CLANG_WARN_ENUM_CONVERSION = YES;
				CLANG_WARN_INFINITE_RECURSION = YES;
				CLANG_WARN_INT_CONVERSION = YES;
				CLANG_WARN_NON_LITERAL_NULL_CONVERSION = YES;
				CLANG_WARN_OBJC_IMPLICIT_RETAIN_SELF = YES;
				CLANG_WARN_OBJC_LITERAL_CONVERSION = YES;
				CLANG_WARN_OBJC_ROOT_CLASS = YES_ERROR;
				CLANG_WARN_QUOTED_INCLUDE_IN_FRAMEWORK_HEADER = YES;
				CLANG_WARN_RANGE_LOOP_ANALYSIS = YES;
				CLANG_WARN_STRICT_PROTOTYPES = YES;
				CLANG_WARN_SUSPICIOUS_MOVE = YES;
				CLANG_WARN_UNGUARDED_AVAILABILITY = YES_AGGRESSIVE;
				CLANG_WARN_UNREACHABLE_CODE = YES;
				CLANG_WARN__DUPLICATE_METHOD_MATCH = YES;
				COPY_PHASE_STRIP = NO;
				DEBUG_INFORMATION_FORMAT = "dwarf-with-dsym";
				ENABLE_NS_ASSERTIONS = NO;
				ENABLE_STRICT_OBJC_MSGSEND = YES;
				GCC_C_LANGUAGE_STANDARD = gnu11;
				GCC_NO_COMMON_BLOCKS = YES;
				GCC_WARN_64_TO_32_BIT_CONVERSION = YES;
				GCC_WARN_ABOUT_RETURN_TYPE = YES_ERROR;
				GCC_WARN_UNDECLARED_SELECTOR = YES;
				GCC_WARN_UNINITIALIZED_AUTOS = YES_AGGRESSIVE;
				GCC_WARN_UNUSED_FUNCTION = YES;
				GCC_WARN_UNUSED_VARIABLE = YES;
				IPHONEOS_DEPLOYMENT_TARGET = 15.2;
				MTL_ENABLE_DEBUG_INFO = NO;
				MTL_FAST_MATH = YES;
				SDKROOT = iphoneos;
				SWIFT_COMPILATION_MODE = wholemodule;
				SWIFT_OPTIMIZATION_LEVEL = "-O";
				VALIDATE_PRODUCT = YES;
			};
			name = Release;
		};
		F10E990C2CB58E5900D38750 /* Debug */ = {
			isa = XCBuildConfiguration;
			buildSettings = {
				ASSETCATALOG_COMPILER_APPICON_NAME = AppIcon;
				ASSETCATALOG_COMPILER_GLOBAL_ACCENT_COLOR_NAME = AccentColor;
				CODE_SIGN_STYLE = Automatic;
				CURRENT_PROJECT_VERSION = 1;
				DEVELOPMENT_ASSET_PATHS = "\"RainyReserve/Preview Content\"";
				DEVELOPMENT_TEAM = X3D2A44R84;
				ENABLE_PREVIEWS = YES;
				GENERATE_INFOPLIST_FILE = YES;
				INFOPLIST_FILE = RainyReserve/Info.plist;
				INFOPLIST_KEY_UIApplicationSceneManifest_Generation = YES;
				INFOPLIST_KEY_UIApplicationSupportsIndirectInputEvents = YES;
				INFOPLIST_KEY_UILaunchScreen_Generation = YES;
				INFOPLIST_KEY_UISupportedInterfaceOrientations_iPad = "UIInterfaceOrientationPortrait UIInterfaceOrientationPortraitUpsideDown UIInterfaceOrientationLandscapeLeft UIInterfaceOrientationLandscapeRight";
				INFOPLIST_KEY_UISupportedInterfaceOrientations_iPhone = "UIInterfaceOrientationPortrait UIInterfaceOrientationLandscapeLeft UIInterfaceOrientationLandscapeRight";
				LD_RUNPATH_SEARCH_PATHS = (
					"$(inherited)",
					"@executable_path/Frameworks",
				);
				MARKETING_VERSION = 1.0;
				PRODUCT_BUNDLE_IDENTIFIER = dev.hypercoding.RainyReserve;
				PRODUCT_NAME = "$(TARGET_NAME)";
				SWIFT_EMIT_LOC_STRINGS = YES;
				SWIFT_VERSION = 5.0;
				TARGETED_DEVICE_FAMILY = "1,2";
			};
			name = Debug;
		};
		F10E990D2CB58E5900D38750 /* Release */ = {
			isa = XCBuildConfiguration;
			buildSettings = {
				ASSETCATALOG_COMPILER_APPICON_NAME = AppIcon;
				ASSETCATALOG_COMPILER_GLOBAL_ACCENT_COLOR_NAME = AccentColor;
				CODE_SIGN_STYLE = Automatic;
				CURRENT_PROJECT_VERSION = 1;
				DEVELOPMENT_ASSET_PATHS = "\"RainyReserve/Preview Content\"";
				DEVELOPMENT_TEAM = X3D2A44R84;
				ENABLE_PREVIEWS = YES;
				GENERATE_INFOPLIST_FILE = YES;
				INFOPLIST_FILE = RainyReserve/Info.plist;
				INFOPLIST_KEY_UIApplicationSceneManifest_Generation = YES;
				INFOPLIST_KEY_UIApplicationSupportsIndirectInputEvents = YES;
				INFOPLIST_KEY_UILaunchScreen_Generation = YES;
				INFOPLIST_KEY_UISupportedInterfaceOrientations_iPad = "UIInterfaceOrientationPortrait UIInterfaceOrientationPortraitUpsideDown UIInterfaceOrientationLandscapeLeft UIInterfaceOrientationLandscapeRight";
				INFOPLIST_KEY_UISupportedInterfaceOrientations_iPhone = "UIInterfaceOrientationPortrait UIInterfaceOrientationLandscapeLeft UIInterfaceOrientationLandscapeRight";
				LD_RUNPATH_SEARCH_PATHS = (
					"$(inherited)",
					"@executable_path/Frameworks",
				);
				MARKETING_VERSION = 1.0;
				PRODUCT_BUNDLE_IDENTIFIER = dev.hypercoding.RainyReserve;
				PRODUCT_NAME = "$(TARGET_NAME)";
				SWIFT_EMIT_LOC_STRINGS = YES;
				SWIFT_VERSION = 5.0;
				TARGETED_DEVICE_FAMILY = "1,2";
			};
			name = Release;
		};
/* End XCBuildConfiguration section */

/* Begin XCConfigurationList section */
		F10E98F82CB58E5500D38750 /* Build configuration list for PBXProject "RainyReserve" */ = {
			isa = XCConfigurationList;
			buildConfigurations = (
				F10E99092CB58E5900D38750 /* Debug */,
				F10E990A2CB58E5900D38750 /* Release */,
			);
			defaultConfigurationIsVisible = 0;
			defaultConfigurationName = Release;
		};
		F10E990B2CB58E5900D38750 /* Build configuration list for PBXNativeTarget "RainyReserve" */ = {
			isa = XCConfigurationList;
			buildConfigurations = (
				F10E990C2CB58E5900D38750 /* Debug */,
				F10E990D2CB58E5900D38750 /* Release */,
			);
			defaultConfigurationIsVisible = 0;
			defaultConfigurationName = Release;
		};
/* End XCConfigurationList section */
	};
	rootObject = F10E98F52CB58E5500D38750 /* Project object */;
}
